
Microsoft Visual Studio Solution File, Format Version 12.00
# Visual Studio Version 16
VisualStudioVersion = 16.0.29806.167
MinimumVisualStudioVersion = 10.0.40219.1
Project("{9A19103F-16F7-4668-BE54-9A1E7A4F7556}") = "RockLib.Encryption", "RockLib.Encryption\RockLib.Encryption.csproj", "{6E80E23F-3AA5-43DB-ADEC-2918E1787062}"
EndProject
Project("{9A19103F-16F7-4668-BE54-9A1E7A4F7556}") = "RockLib.Encryption.XSerializer", "RockLib.Encryption.XSerializer\RockLib.Encryption.XSerializer.csproj", "{B5D1A707-704C-4F76-A6FF-E0B379A79CE3}"
EndProject
Project("{9A19103F-16F7-4668-BE54-9A1E7A4F7556}") = "Example.Symmetric", "Example.Symmetric\Example.Symmetric.csproj", "{14ECC4B2-5A8E-4DFD-9CFD-1F786C669D95}"
EndProject
Project("{2150E333-8FDC-42A3-9474-1A3956D46DE8}") = "docs", "docs", "{C80B1383-FEEE-4CA9-8146-CC69F84523F4}"
	ProjectSection(SolutionItems) = preProject
		docs\Concepts.md = docs\Concepts.md
		docs\Crypto.md = docs\Crypto.md
		docs\DependencyInjection.md = docs\DependencyInjection.md
		docs\FieldLevelEncryption.md = docs\FieldLevelEncryption.md
		docs\GettingStarted.md = docs\GettingStarted.md
		docs\Implementations.md = docs\Implementations.md
		README.md = README.md
	EndProjectSection
EndProject
Project("{9A19103F-16F7-4668-BE54-9A1E7A4F7556}") = "RockLib.Encryption.Tests", "RockLib.Encryption.Tests\RockLib.Encryption.Tests.csproj", "{0D62277C-E658-4954-AC93-FD4791C8C809}"
EndProject
Project("{9A19103F-16F7-4668-BE54-9A1E7A4F7556}") = "RockLib.Encryption.XSerializer.Tests", "RockLib.Encryption.XSerializer.Tests\RockLib.Encryption.XSerializer.Tests.csproj", "{7683AC91-4683-44DF-9DC5-D88407EABE74}"
EndProject
Global
	GlobalSection(SolutionConfigurationPlatforms) = preSolution
		Debug|Any CPU = Debug|Any CPU
		Release|Any CPU = Release|Any CPU
	EndGlobalSection
	GlobalSection(ProjectConfigurationPlatforms) = postSolution
		{6E80E23F-3AA5-43DB-ADEC-2918E1787062}.Debug|Any CPU.ActiveCfg = Debug|Any CPU
		{6E80E23F-3AA5-43DB-ADEC-2918E1787062}.Debug|Any CPU.Build.0 = Debug|Any CPU
		{6E80E23F-3AA5-43DB-ADEC-2918E1787062}.Release|Any CPU.ActiveCfg = Release|Any CPU
		{6E80E23F-3AA5-43DB-ADEC-2918E1787062}.Release|Any CPU.Build.0 = Release|Any CPU
		{B5D1A707-704C-4F76-A6FF-E0B379A79CE3}.Debug|Any CPU.ActiveCfg = Debug|Any CPU
		{B5D1A707-704C-4F76-A6FF-E0B379A79CE3}.Debug|Any CPU.Build.0 = Debug|Any CPU
		{B5D1A707-704C-4F76-A6FF-E0B379A79CE3}.Release|Any CPU.ActiveCfg = Release|Any CPU
		{B5D1A707-704C-4F76-A6FF-E0B379A79CE3}.Release|Any CPU.Build.0 = Release|Any CPU
		{14ECC4B2-5A8E-4DFD-9CFD-1F786C669D95}.Debug|Any CPU.ActiveCfg = Debug|Any CPU
		{14ECC4B2-5A8E-4DFD-9CFD-1F786C669D95}.Debug|Any CPU.Build.0 = Debug|Any CPU
		{14ECC4B2-5A8E-4DFD-9CFD-1F786C669D95}.Release|Any CPU.ActiveCfg = Release|Any CPU
		{14ECC4B2-5A8E-4DFD-9CFD-1F786C669D95}.Release|Any CPU.Build.0 = Release|Any CPU
		{0D62277C-E658-4954-AC93-FD4791C8C809}.Debug|Any CPU.ActiveCfg = Debug|Any CPU
		{0D62277C-E658-4954-AC93-FD4791C8C809}.Debug|Any CPU.Build.0 = Debug|Any CPU
		{0D62277C-E658-4954-AC93-FD4791C8C809}.Release|Any CPU.ActiveCfg = Release|Any CPU
		{0D62277C-E658-4954-AC93-FD4791C8C809}.Release|Any CPU.Build.0 = Release|Any CPU
		{7683AC91-4683-44DF-9DC5-D88407EABE74}.Debug|Any CPU.ActiveCfg = Debug|Any CPU
		{7683AC91-4683-44DF-9DC5-D88407EABE74}.Debug|Any CPU.Build.0 = Debug|Any CPU
		{7683AC91-4683-44DF-9DC5-D88407EABE74}.Release|Any CPU.ActiveCfg = Release|Any CPU
		{7683AC91-4683-44DF-9DC5-D88407EABE74}.Release|Any CPU.Build.0 = Release|Any CPU
	EndGlobalSection
	GlobalSection(SolutionProperties) = preSolution
		HideSolutionNode = FALSE
	EndGlobalSection
	GlobalSection(ExtensibilityGlobals) = postSolution
		SolutionGuid = {68B67557-20B2-4F40-9FFB-19BCDBB9AA17}
	EndGlobalSection
EndGlobal
