
Microsoft Visual Studio Solution File, Format Version 12.00
# Visual Studio Version 16
VisualStudioVersion = 16.0.30804.86
MinimumVisualStudioVersion = 10.0.40219.1
Project("{9A19103F-16F7-4668-BE54-9A1E7A4F7556}") = "RockLib.Encryption.XSerializer", "RockLib.Encryption.XSerializer.csproj", "{B5D1A707-704C-4F76-A6FF-E0B379A79CE3}"
EndProject
Project("{9A19103F-16F7-4668-BE54-9A1E7A4F7556}") = "RockLib.Encryption.XSerializer.Tests", "..\Tests\RockLib.Encryption.XSerializer.Tests\RockLib.Encryption.XSerializer.Tests.csproj", "{E3D02A94-6CF2-4BEC-8A5E-62B969568B5C}"
EndProject
Global
	GlobalSection(SolutionConfigurationPlatforms) = preSolution
		Debug|Any CPU = Debug|Any CPU
		Release|Any CPU = Release|Any CPU
	EndGlobalSection
	GlobalSection(ProjectConfigurationPlatforms) = postSolution
		{B5D1A707-704C-4F76-A6FF-E0B379A79CE3}.Debug|Any CPU.ActiveCfg = Debug|Any CPU
		{B5D1A707-704C-4F76-A6FF-E0B379A79CE3}.Debug|Any CPU.Build.0 = Debug|Any CPU
		{B5D1A707-704C-4F76-A6FF-E0B379A79CE3}.Release|Any CPU.ActiveCfg = Release|Any CPU
		{B5D1A707-704C-4F76-A6FF-E0B379A79CE3}.Release|Any CPU.Build.0 = Release|Any CPU
		{E3D02A94-6CF2-4BEC-8A5E-62B969568B5C}.Debug|Any CPU.ActiveCfg = Debug|Any CPU
		{E3D02A94-6CF2-4BEC-8A5E-62B969568B5C}.Debug|Any CPU.Build.0 = Debug|Any CPU
		{E3D02A94-6CF2-4BEC-8A5E-62B969568B5C}.Release|Any CPU.ActiveCfg = Release|Any CPU
		{E3D02A94-6CF2-4BEC-8A5E-62B969568B5C}.Release|Any CPU.Build.0 = Release|Any CPU
	EndGlobalSection
	GlobalSection(SolutionProperties) = preSolution
		HideSolutionNode = FALSE
	EndGlobalSection
	GlobalSection(ExtensibilityGlobals) = postSolution
		SolutionGuid = {68B67557-20B2-4F40-9FFB-19BCDBB9AA17}
	EndGlobalSection
EndGlobal
